
Microsoft Visual Studio Solution File, Format Version 12.00
# Visual Studio Version 17
VisualStudioVersion = 17.9.34616.47
MinimumVisualStudioVersion = 10.0.40219.1
Project("{FAE04EC0-301F-11D3-BF4B-00C04F79EFBC}") = "ConsoleAppScrapper", "ConsoleAppScrapper.csproj", "{88C1EFEF-B629-46D5-BA3B-90584DE1B2A6}"
EndProject
Global
	GlobalSection(SolutionConfigurationPlatforms) = preSolution
		Debug|Any CPU = Debug|Any CPU
		Release|Any CPU = Release|Any CPU
	EndGlobalSection
	GlobalSection(ProjectConfigurationPlatforms) = postSolution
		{88C1EFEF-B629-46D5-BA3B-90584DE1B2A6}.Debug|Any CPU.ActiveCfg = Debug|Any CPU
		{88C1EFEF-B629-46D5-BA3B-90584DE1B2A6}.Debug|Any CPU.Build.0 = Debug|Any CPU
		{88C1EFEF-B629-46D5-BA3B-90584DE1B2A6}.Release|Any CPU.ActiveCfg = Release|Any CPU
		{88C1EFEF-B629-46D5-BA3B-90584DE1B2A6}.Release|Any CPU.Build.0 = Release|Any CPU
	EndGlobalSection
	GlobalSection(SolutionProperties) = preSolution
		HideSolutionNode = FALSE
	EndGlobalSection
	GlobalSection(ExtensibilityGlobals) = postSolution
		SolutionGuid = {5E79E059-9858-4C73-B63C-7D0DAAA30C35}
	EndGlobalSection
EndGlobal
